
Microsoft Visual Studio Solution File, Format Version 12.00
# Visual Studio 15
VisualStudioVersion = 15.0.27130.0
MinimumVisualStudioVersion = 10.0.40219.1
Project("{FAE04EC0-301F-11D3-BF4B-00C04F79EFBC}") = "Ocisp", "Ocisp\Ocisp.csproj", "{360AE00A-8DCD-4156-A688-DEDA32E045F1}"
EndProject
Project("{FAE04EC0-301F-11D3-BF4B-00C04F79EFBC}") = "OcispCore", "OcispCore\OcispCore.csproj", "{1291E91F-DEA1-4698-AA4B-B06906AF4645}"
EndProject
Global
	GlobalSection(SolutionConfigurationPlatforms) = preSolution
		Debug|Any CPU = Debug|Any CPU
		Release|Any CPU = Release|Any CPU
	EndGlobalSection
	GlobalSection(ProjectConfigurationPlatforms) = postSolution
		{360AE00A-8DCD-4156-A688-DEDA32E045F1}.Debug|Any CPU.ActiveCfg = Debug|Any CPU
		{360AE00A-8DCD-4156-A688-DEDA32E045F1}.Debug|Any CPU.Build.0 = Debug|Any CPU
		{360AE00A-8DCD-4156-A688-DEDA32E045F1}.Release|Any CPU.ActiveCfg = Release|Any CPU
		{360AE00A-8DCD-4156-A688-DEDA32E045F1}.Release|Any CPU.Build.0 = Release|Any CPU
		{1291E91F-DEA1-4698-AA4B-B06906AF4645}.Debug|Any CPU.ActiveCfg = Debug|Any CPU
		{1291E91F-DEA1-4698-AA4B-B06906AF4645}.Debug|Any CPU.Build.0 = Debug|Any CPU
		{1291E91F-DEA1-4698-AA4B-B06906AF4645}.Release|Any CPU.ActiveCfg = Release|Any CPU
		{1291E91F-DEA1-4698-AA4B-B06906AF4645}.Release|Any CPU.Build.0 = Release|Any CPU
	EndGlobalSection
	GlobalSection(SolutionProperties) = preSolution
		HideSolutionNode = FALSE
	EndGlobalSection
	GlobalSection(ExtensibilityGlobals) = postSolution
		SolutionGuid = {7A0477E9-8386-4799-944F-58A14A6CFAF3}
	EndGlobalSection
EndGlobal
